// !$*UTF8*$!
{
	archiveVersion = 1;
	classes = {
	};
	objectVersion = 55;
	objects = {

/* Begin PBXBuildFile section */
		D1DB94B927ACE98800B74036 /* ORSSerialBuffer.h in Headers */ = {isa = PBXBuildFile; fileRef = D1DB94AF27ACE98700B74036 /* ORSSerialBuffer.h */; };
		D1DB94BA27ACE98800B74036 /* ORSSerialBuffer.m in Sources */ = {isa = PBXBuildFile; fileRef = D1DB94B027ACE98700B74036 /* ORSSerialBuffer.m */; };
		D1DB94BB27ACE98800B74036 /* ORSSerialPortManager.h in Headers */ = {isa = PBXBuildFile; fileRef = D1DB94B127ACE98800B74036 /* ORSSerialPortManager.h */; };
		D1DB94BC27ACE98800B74036 /* ORSSerialPort.h in Headers */ = {isa = PBXBuildFile; fileRef = D1DB94B227ACE98800B74036 /* ORSSerialPort.h */; };
		D1DB94BD27ACE98800B74036 /* ORSSerialPort.m in Sources */ = {isa = PBXBuildFile; fileRef = D1DB94B327ACE98800B74036 /* ORSSerialPort.m */; };
		D1DB94BE27ACE98800B74036 /* ORSSerialPortManager.m in Sources */ = {isa = PBXBuildFile; fileRef = D1DB94B427ACE98800B74036 /* ORSSerialPortManager.m */; };
		D1DB94BF27ACE98800B74036 /* ORSSerialRequest.m in Sources */ = {isa = PBXBuildFile; fileRef = D1DB94B527ACE98800B74036 /* ORSSerialRequest.m */; };
		D1DB94C027ACE98800B74036 /* ORSSerialPacketDescriptor.h in Headers */ = {isa = PBXBuildFile; fileRef = D1DB94B627ACE98800B74036 /* ORSSerialPacketDescriptor.h */; };
		D1DB94C127ACE98800B74036 /* ORSSerialRequest.h in Headers */ = {isa = PBXBuildFile; fileRef = D1DB94B727ACE98800B74036 /* ORSSerialRequest.h */; };
		D1DB94C227ACE98800B74036 /* ORSSerialPacketDescriptor.m in Sources */ = {isa = PBXBuildFile; fileRef = D1DB94B827ACE98800B74036 /* ORSSerialPacketDescriptor.m */; };
/* End PBXBuildFile section */

/* Begin PBXFileReference section */
		D1DB94A327ACE95800B74036 /* libORSSerialPort.a */ = {isa = PBXFileReference; explicitFileType = archive.ar; includeInIndex = 0; path = libORSSerialPort.a; sourceTree = BUILT_PRODUCTS_DIR; };
		D1DB94AF27ACE98700B74036 /* ORSSerialBuffer.h */ = {isa = PBXFileReference; fileEncoding = 4; lastKnownFileType = sourcecode.c.h; name = ORSSerialBuffer.h; path = ORSSerialPort/ORSSerialBuffer.h; sourceTree = "<group>"; };
		D1DB94B027ACE98700B74036 /* ORSSerialBuffer.m */ = {isa = PBXFileReference; fileEncoding = 4; lastKnownFileType = sourcecode.c.objc; name = ORSSerialBuffer.m; path = ORSSerialPort/ORSSerialBuffer.m; sourceTree = "<group>"; };
		D1DB94B127ACE98800B74036 /* ORSSerialPortManager.h */ = {isa = PBXFileReference; fileEncoding = 4; lastKnownFileType = sourcecode.c.h; name = ORSSerialPortManager.h; path = ORSSerialPort/ORSSerialPortManager.h; sourceTree = "<group>"; };
		D1DB94B227ACE98800B74036 /* ORSSerialPort.h */ = {isa = PBXFileReference; fileEncoding = 4; lastKnownFileType = sourcecode.c.h; name = ORSSerialPort.h; path = ORSSerialPort/ORSSerialPort.h; sourceTree = "<group>"; };
		D1DB94B327ACE98800B74036 /* ORSSerialPort.m */ = {isa = PBXFileReference; fileEncoding = 4; lastKnownFileType = sourcecode.c.objc; name = ORSSerialPort.m; path = ORSSerialPort/ORSSerialPort.m; sourceTree = "<group>"; };
		D1DB94B427ACE98800B74036 /* ORSSerialPortManager.m */ = {isa = PBXFileReference; fileEncoding = 4; lastKnownFileType = sourcecode.c.objc; name = ORSSerialPortManager.m; path = ORSSerialPort/ORSSerialPortManager.m; sourceTree = "<group>"; };
		D1DB94B527ACE98800B74036 /* ORSSerialRequest.m */ = {isa = PBXFileReference; fileEncoding = 4; lastKnownFileType = sourcecode.c.objc; name = ORSSerialRequest.m; path = ORSSerialPort/ORSSerialRequest.m; sourceTree = "<group>"; };
		D1DB94B627ACE98800B74036 /* ORSSerialPacketDescriptor.h */ = {isa = PBXFileReference; fileEncoding = 4; lastKnownFileType = sourcecode.c.h; name = ORSSerialPacketDescriptor.h; path = ORSSerialPort/ORSSerialPacketDescriptor.h; sourceTree = "<group>"; };
		D1DB94B727ACE98800B74036 /* ORSSerialRequest.h */ = {isa = PBXFileReference; fileEncoding = 4; lastKnownFileType = sourcecode.c.h; name = ORSSerialRequest.h; path = ORSSerialPort/ORSSerialRequest.h; sourceTree = "<group>"; };
		D1DB94B827ACE98800B74036 /* ORSSerialPacketDescriptor.m */ = {isa = PBXFileReference; fileEncoding = 4; lastKnownFileType = sourcecode.c.objc; name = ORSSerialPacketDescriptor.m; path = ORSSerialPort/ORSSerialPacketDescriptor.m; sourceTree = "<group>"; };
/* End PBXFileReference section */

/* Begin PBXFrameworksBuildPhase section */
		D1DB94A127ACE95800B74036 /* Frameworks */ = {
			isa = PBXFrameworksBuildPhase;
			buildActionMask = 2147483647;
			files = (
			);
			runOnlyForDeploymentPostprocessing = 0;
		};
/* End PBXFrameworksBuildPhase section */

/* Begin PBXGroup section */
		D1DB949A27ACE95800B74036 = {
			isa = PBXGroup;
			children = (
				D1DB94AF27ACE98700B74036 /* ORSSerialBuffer.h */,
				D1DB94B027ACE98700B74036 /* ORSSerialBuffer.m */,
				D1DB94B627ACE98800B74036 /* ORSSerialPacketDescriptor.h */,
				D1DB94B827ACE98800B74036 /* ORSSerialPacketDescriptor.m */,
				D1DB94B227ACE98800B74036 /* ORSSerialPort.h */,
				D1DB94B327ACE98800B74036 /* ORSSerialPort.m */,
				D1DB94B127ACE98800B74036 /* ORSSerialPortManager.h */,
				D1DB94B427ACE98800B74036 /* ORSSerialPortManager.m */,
				D1DB94B727ACE98800B74036 /* ORSSerialRequest.h */,
				D1DB94B527ACE98800B74036 /* ORSSerialRequest.m */,
				D1DB94A527ACE95800B74036 /* ORSSerialPort */,
				D1DB94A427ACE95800B74036 /* Products */,
			);
			sourceTree = "<group>";
		};
		D1DB94A427ACE95800B74036 /* Products */ = {
			isa = PBXGroup;
			children = (
				D1DB94A327ACE95800B74036 /* libORSSerialPort.a */,
			);
			name = Products;
			sourceTree = "<group>";
		};
		D1DB94A527ACE95800B74036 /* ORSSerialPort */ = {
			isa = PBXGroup;
			children = (
			);
			path = ORSSerialPort;
			sourceTree = "<group>";
		};
/* End PBXGroup section */

/* Begin PBXHeadersBuildPhase section */
		D1DB949F27ACE95800B74036 /* Headers */ = {
			isa = PBXHeadersBuildPhase;
			buildActionMask = 2147483647;
			files = (
				D1DB94C027ACE98800B74036 /* ORSSerialPacketDescriptor.h in Headers */,
				D1DB94BC27ACE98800B74036 /* ORSSerialPort.h in Headers */,
				D1DB94BB27ACE98800B74036 /* ORSSerialPortManager.h in Headers */,
				D1DB94B927ACE98800B74036 /* ORSSerialBuffer.h in Headers */,
				D1DB94C127ACE98800B74036 /* ORSSerialRequest.h in Headers */,
			);
			runOnlyForDeploymentPostprocessing = 0;
		};
/* End PBXHeadersBuildPhase section */

/* Begin PBXNativeTarget section */
		D1DB94A227ACE95800B74036 /* ORSSerialPort */ = {
			isa = PBXNativeTarget;
			buildConfigurationList = D1DB94AC27ACE95800B74036 /* Build configuration list for PBXNativeTarget "ORSSerialPort" */;
			buildPhases = (
				D1DB949F27ACE95800B74036 /* Headers */,
				D1DB94A027ACE95800B74036 /* Sources */,
				D1DB94A127ACE95800B74036 /* Frameworks */,
			);
			buildRules = (
			);
			dependencies = (
			);
			name = ORSSerialPort;
			productName = ORSSerialPort;
			productReference = D1DB94A327ACE95800B74036 /* libORSSerialPort.a */;
			productType = "com.apple.product-type.library.static";
		};
/* End PBXNativeTarget section */

/* Begin PBXProject section */
		D1DB949B27ACE95800B74036 /* Project object */ = {
			isa = PBXProject;
			attributes = {
				BuildIndependentTargetsInParallel = 1;
				LastUpgradeCheck = 1310;
				TargetAttributes = {
					D1DB94A227ACE95800B74036 = {
						CreatedOnToolsVersion = 13.1;
					};
				};
			};
			buildConfigurationList = D1DB949E27ACE95800B74036 /* Build configuration list for PBXProject "ORSSerialPort" */;
			compatibilityVersion = "Xcode 13.0";
			developmentRegion = en;
			hasScannedForEncodings = 0;
			knownRegions = (
				en,
				Base,
			);
			mainGroup = D1DB949A27ACE95800B74036;
			productRefGroup = D1DB94A427ACE95800B74036 /* Products */;
			projectDirPath = "";
			projectRoot = "";
			targets = (
				D1DB94A227ACE95800B74036 /* ORSSerialPort */,
			);
		};
/* End PBXProject section */

/* Begin PBXSourcesBuildPhase section */
		D1DB94A027ACE95800B74036 /* Sources */ = {
			isa = PBXSourcesBuildPhase;
			buildActionMask = 2147483647;
			files = (
				D1DB94BE27ACE98800B74036 /* ORSSerialPortManager.m in Sources */,
				D1DB94BA27ACE98800B74036 /* ORSSerialBuffer.m in Sources */,
				D1DB94C227ACE98800B74036 /* ORSSerialPacketDescriptor.m in Sources */,
				D1DB94BF27ACE98800B74036 /* ORSSerialRequest.m in Sources */,
				D1DB94BD27ACE98800B74036 /* ORSSerialPort.m in Sources */,
			);
			runOnlyForDeploymentPostprocessing = 0;
		};
/* End PBXSourcesBuildPhase section */

/* Begin XCBuildConfiguration section */
		D1DB94AA27ACE95800B74036 /* Debug */ = {
			isa = XCBuildConfiguration;
			buildSettings = {
				ALWAYS_SEARCH_USER_PATHS = NO;
				CLANG_ANALYZER_NONNULL = YES;
				CLANG_ANALYZER_NUMBER_OBJECT_CONVERSION = YES_AGGRESSIVE;
				CLANG_CXX_LANGUAGE_STANDARD = "gnu++17";
				CLANG_CXX_LIBRARY = "libc++";
				CLANG_ENABLE_MODULES = YES;
				CLANG_ENABLE_OBJC_ARC = YES;
				CLANG_ENABLE_OBJC_WEAK = YES;
				CLANG_WARN_BLOCK_CAPTURE_AUTORELEASING = YES;
				CLANG_WARN_BOOL_CONVERSION = YES;
				CLANG_WARN_COMMA = YES;
				CLANG_WARN_CONSTANT_CONVERSION = YES;
				CLANG_WARN_DEPRECATED_OBJC_IMPLEMENTATIONS = YES;
				CLANG_WARN_DIRECT_OBJC_ISA_USAGE = YES_ERROR;
				CLANG_WARN_DOCUMENTATION_COMMENTS = YES;
				CLANG_WARN_EMPTY_BODY = YES;
				CLANG_WARN_ENUM_CONVERSION = YES;
				CLANG_WARN_INFINITE_RECURSION = YES;
				CLANG_WARN_INT_CONVERSION = YES;
				CLANG_WARN_NON_LITERAL_NULL_CONVERSION = YES;
				CLANG_WARN_OBJC_IMPLICIT_RETAIN_SELF = YES;
				CLANG_WARN_OBJC_LITERAL_CONVERSION = YES;
				CLANG_WARN_OBJC_ROOT_CLASS = YES_ERROR;
				CLANG_WARN_QUOTED_INCLUDE_IN_FRAMEWORK_HEADER = YES;
				CLANG_WARN_RANGE_LOOP_ANALYSIS = YES;
				CLANG_WARN_STRICT_PROTOTYPES = YES;
				CLANG_WARN_SUSPICIOUS_MOVE = YES;
				CLANG_WARN_UNGUARDED_AVAILABILITY = YES_AGGRESSIVE;
				CLANG_WARN_UNREACHABLE_CODE = YES;
				CLANG_WARN__DUPLICATE_METHOD_MATCH = YES;
				COPY_PHASE_STRIP = NO;
				DEBUG_INFORMATION_FORMAT = dwarf;
				ENABLE_STRICT_OBJC_MSGSEND = YES;
				ENABLE_TESTABILITY = YES;
				GCC_C_LANGUAGE_STANDARD = gnu11;
				GCC_DYNAMIC_NO_PIC = NO;
				GCC_NO_COMMON_BLOCKS = YES;
				GCC_OPTIMIZATION_LEVEL = 0;
				GCC_PREPROCESSOR_DEFINITIONS = (
					"DEBUG=1",
					"$(inherited)",
				);
				GCC_WARN_64_TO_32_BIT_CONVERSION = YES;
				GCC_WARN_ABOUT_RETURN_TYPE = YES_ERROR;
				GCC_WARN_UNDECLARED_SELECTOR = YES;
				GCC_WARN_UNINITIALIZED_AUTOS = YES_AGGRESSIVE;
				GCC_WARN_UNUSED_FUNCTION = YES;
				GCC_WARN_UNUSED_VARIABLE = YES;
				MACOSX_DEPLOYMENT_TARGET = 10.13;
				MTL_ENABLE_DEBUG_INFO = INCLUDE_SOURCE;
				MTL_FAST_MATH = YES;
				ONLY_ACTIVE_ARCH = YES;
				SDKROOT = macosx;
			};
			name = Debug;
		};
		D1DB94AB27ACE95800B74036 /* Release */ = {
			isa = XCBuildConfiguration;
			buildSettings = {
				ALWAYS_SEARCH_USER_PATHS = NO;
				CLANG_ANALYZER_NONNULL = YES;
				CLANG_ANALYZER_NUMBER_OBJECT_CONVERSION = YES_AGGRESSIVE;
				CLANG_CXX_LANGUAGE_STANDARD = "gnu++17";
				CLANG_CXX_LIBRARY = "libc++";
				CLANG_ENABLE_MODULES = YES;
				CLANG_ENABLE_OBJC_ARC = YES;
				CLANG_ENABLE_OBJC_WEAK = YES;
				CLANG_WARN_BLOCK_CAPTURE_AUTORELEASING = YES;
				CLANG_WARN_BOOL_CONVERSION = YES;
				CLANG_WARN_COMMA = YES;
				CLANG_WARN_CONSTANT_CONVERSION = YES;
				CLANG_WARN_DEPRECATED_OBJC_IMPLEMENTATIONS = YES;
				CLANG_WARN_DIRECT_OBJC_ISA_USAGE = YES_ERROR;
				CLANG_WARN_DOCUMENTATION_COMMENTS = YES;
				CLANG_WARN_EMPTY_BODY = YES;
				CLANG_WARN_ENUM_CONVERSION = YES;
				CLANG_WARN_INFINITE_RECURSION = YES;
				CLANG_WARN_INT_CONVERSION = YES;
				CLANG_WARN_NON_LITERAL_NULL_CONVERSION = YES;
				CLANG_WARN_OBJC_IMPLICIT_RETAIN_SELF = YES;
				CLANG_WARN_OBJC_LITERAL_CONVERSION = YES;
				CLANG_WARN_OBJC_ROOT_CLASS = YES_ERROR;
				CLANG_WARN_QUOTED_INCLUDE_IN_FRAMEWORK_HEADER = YES;
				CLANG_WARN_RANGE_LOOP_ANALYSIS = YES;
				CLANG_WARN_STRICT_PROTOTYPES = YES;
				CLANG_WARN_SUSPICIOUS_MOVE = YES;
				CLANG_WARN_UNGUARDED_AVAILABILITY = YES_AGGRESSIVE;
				CLANG_WARN_UNREACHABLE_CODE = YES;
				CLANG_WARN__DUPLICATE_METHOD_MATCH = YES;
				COPY_PHASE_STRIP = NO;
				DEBUG_INFORMATION_FORMAT = "dwarf-with-dsym";
				ENABLE_NS_ASSERTIONS = NO;
				ENABLE_STRICT_OBJC_MSGSEND = YES;
				GCC_C_LANGUAGE_STANDARD = gnu11;
				GCC_NO_COMMON_BLOCKS = YES;
				GCC_WARN_64_TO_32_BIT_CONVERSION = YES;
				GCC_WARN_ABOUT_RETURN_TYPE = YES_ERROR;
				GCC_WARN_UNDECLARED_SELECTOR = YES;
				GCC_WARN_UNINITIALIZED_AUTOS = YES_AGGRESSIVE;
				GCC_WARN_UNUSED_FUNCTION = YES;
				GCC_WARN_UNUSED_VARIABLE = YES;
				MACOSX_DEPLOYMENT_TARGET = 10.13;
				MTL_ENABLE_DEBUG_INFO = NO;
				MTL_FAST_MATH = YES;
				SDKROOT = macosx;
			};
			name = Release;
		};
		D1DB94AD27ACE95800B74036 /* Debug */ = {
			isa = XCBuildConfiguration;
			buildSettings = {
				CODE_SIGN_STYLE = Automatic;
				EXECUTABLE_PREFIX = lib;
				PRODUCT_NAME = "$(TARGET_NAME)";
				SKIP_INSTALL = YES;
			};
			name = Debug;
		};
		D1DB94AE27ACE95800B74036 /* Release */ = {
			isa = XCBuildConfiguration;
			buildSettings = {
				CODE_SIGN_STYLE = Automatic;
				EXECUTABLE_PREFIX = lib;
				PRODUCT_NAME = "$(TARGET_NAME)";
				SKIP_INSTALL = YES;
			};
			name = Release;
		};
/* End XCBuildConfiguration section */

/* Begin XCConfigurationList section */
		D1DB949E27ACE95800B74036 /* Build configuration list for PBXProject "ORSSerialPort" */ = {
			isa = XCConfigurationList;
			buildConfigurations = (
				D1DB94AA27ACE95800B74036 /* Debug */,
				D1DB94AB27ACE95800B74036 /* Release */,
			);
			defaultConfigurationIsVisible = 0;
			defaultConfigurationName = Release;
		};
		D1DB94AC27ACE95800B74036 /* Build configuration list for PBXNativeTarget "ORSSerialPort" */ = {
			isa = XCConfigurationList;
			buildConfigurations = (
				D1DB94AD27ACE95800B74036 /* Debug */,
				D1DB94AE27ACE95800B74036 /* Release */,
			);
			defaultConfigurationIsVisible = 0;
			defaultConfigurationName = Release;
		};
/* End XCConfigurationList section */
	};
	rootObject = D1DB949B27ACE95800B74036 /* Project object */;
}
